github.com/newhorizonsarizona/tmi-status-checker v0.0.0-20240928000839-91b1cc84641d h1:DjaAGN52dd/hUm0R8NzUvvJWhtGm/3/tTLRtos/wq2c=
github.com/newhorizonsarizona/tmi-status-checker v0.0.0-20240928000839-91b1cc84641d/go.mod h1:Eudn/WDSIFVjZp+0mSeknd0lnjVCNS+JtP95PQbKHwo=
github.com/sashabaranov/go-openai v1.28.1 h1:aREx6faUTeOZNMDTNGAY8B9vNmmN7qoGvDV0Ke2J1Mc=
github.com/sashabaranov/go-openai v1.28.1/go.mod h1:lj5b/K+zjTSFxVLijLSTDZuP7adOgerWeFyZLUhAKRg=
golang.org/x/time v0.6.0 h1:eTDhh4ZXt5Qf0augr54TN6suAUudPcawVZeIAPU7D4U=
golang.org/x/time v0.6.0/go.mod h1:3BpzKBy/shNhVucY/MWOyx10tF3SFh9QdLuxbVysPQM=
gopkg.in/check.v1 v0.0.0-20161208181325-20d25e280405 h1:yhCVgyC4o1eVCa2tZl7eS0r+SDo693bJlVdllGtEeKM=
gopkg.in/check.v1 v0.0.0-20161208181325-20d25e280405/go.mod h1:Co6ibVJAznAaIkqp8huTwlJQCZ016jof/cbN4VW5Yz0=
gopkg.in/yaml.v3 v3.0.1 h1:fxVm/GzAzEWqLHuvctI91KS9hhNmmWOoWu0XTYJS7CA=
gopkg.in/yaml.v3 v3.0.1/go.mod h1:K4uyk7z7BCEPqu6E+C64Yfv1cQ7kz7rIZviUmN+EgEM=
